
Microsoft Visual Studio Solution File, Format Version 12.00
# Visual Studio Version 16
VisualStudioVersion = 16.0.31402.337
MinimumVisualStudioVersion = 10.0.40219.1
Project("{9A19103F-16F7-4668-BE54-9A1E7A4F7556}") = "MediaStreamingClient", "Examples\MediaStreamingClient\MediaStreamingClient.csproj", "{3D029070-C596-43F3-BEB6-85038D0C0F0E}"
EndProject
Project("{9A19103F-16F7-4668-BE54-9A1E7A4F7556}") = "MediaStreamingService", "Examples\MediaStreamingService\MediaStreamingService.csproj", "{963AB792-A86D-4291-BE11-216FAFD16EDF}"
EndProject
Project("{9A19103F-16F7-4668-BE54-9A1E7A4F7556}") = "MediaStreamingClientCore", "MediaStreamingClientCore\MediaStreamingClientCore.csproj", "{2579CD5A-ADF5-4E0C-A818-4DCDE14B2DBE}"
EndProject
Project("{9A19103F-16F7-4668-BE54-9A1E7A4F7556}") = "MediaStreaming", "MediaStreaming\MediaStreaming.csproj", "{B81D5F46-A8A3-4E33-AFF0-56D1991D6A31}"
EndProject
Project("{9A19103F-16F7-4668-BE54-9A1E7A4F7556}") = "MediaStreamingCore", "MediaStreamingCore\MediaStreamingCore.csproj", "{A21AF4A9-6498-47E1-B4ED-4C7776D44618}"
EndProject
Project("{2150E333-8FDC-42A3-9474-1A3956D46DE8}") = "Tests", "Tests", "{C37B9812-9778-48A2-AF86-052CD426FC01}"
EndProject
Project("{FAE04EC0-301F-11D3-BF4B-00C04F79EFBC}") = "TestLib", "TestLib\TestLib.csproj", "{6BDD5AE6-6979-4649-92C1-D66D9C37EAE8}"
EndProject
Global
	GlobalSection(SolutionConfigurationPlatforms) = preSolution
		Debug|Any CPU = Debug|Any CPU
		Debug|x64 = Debug|x64
		Debug|x86 = Debug|x86
		Release|Any CPU = Release|Any CPU
		Release|x64 = Release|x64
		Release|x86 = Release|x86
	EndGlobalSection
	GlobalSection(ProjectConfigurationPlatforms) = postSolution
		{3D029070-C596-43F3-BEB6-85038D0C0F0E}.Debug|Any CPU.ActiveCfg = Debug|Any CPU
		{3D029070-C596-43F3-BEB6-85038D0C0F0E}.Debug|Any CPU.Build.0 = Debug|Any CPU
		{3D029070-C596-43F3-BEB6-85038D0C0F0E}.Debug|x64.ActiveCfg = Debug|Any CPU
		{3D029070-C596-43F3-BEB6-85038D0C0F0E}.Debug|x64.Build.0 = Debug|Any CPU
		{3D029070-C596-43F3-BEB6-85038D0C0F0E}.Debug|x86.ActiveCfg = Debug|Any CPU
		{3D029070-C596-43F3-BEB6-85038D0C0F0E}.Debug|x86.Build.0 = Debug|Any CPU
		{3D029070-C596-43F3-BEB6-85038D0C0F0E}.Release|Any CPU.ActiveCfg = Release|Any CPU
		{3D029070-C596-43F3-BEB6-85038D0C0F0E}.Release|Any CPU.Build.0 = Release|Any CPU
		{3D029070-C596-43F3-BEB6-85038D0C0F0E}.Release|x64.ActiveCfg = Release|Any CPU
		{3D029070-C596-43F3-BEB6-85038D0C0F0E}.Release|x64.Build.0 = Release|Any CPU
		{3D029070-C596-43F3-BEB6-85038D0C0F0E}.Release|x86.ActiveCfg = Release|Any CPU
		{3D029070-C596-43F3-BEB6-85038D0C0F0E}.Release|x86.Build.0 = Release|Any CPU
		{963AB792-A86D-4291-BE11-216FAFD16EDF}.Debug|Any CPU.ActiveCfg = Debug|Any CPU
		{963AB792-A86D-4291-BE11-216FAFD16EDF}.Debug|Any CPU.Build.0 = Debug|Any CPU
		{963AB792-A86D-4291-BE11-216FAFD16EDF}.Debug|x64.ActiveCfg = Debug|Any CPU
		{963AB792-A86D-4291-BE11-216FAFD16EDF}.Debug|x64.Build.0 = Debug|Any CPU
		{963AB792-A86D-4291-BE11-216FAFD16EDF}.Debug|x86.ActiveCfg = Debug|Any CPU
		{963AB792-A86D-4291-BE11-216FAFD16EDF}.Debug|x86.Build.0 = Debug|Any CPU
		{963AB792-A86D-4291-BE11-216FAFD16EDF}.Release|Any CPU.ActiveCfg = Release|Any CPU
		{963AB792-A86D-4291-BE11-216FAFD16EDF}.Release|Any CPU.Build.0 = Release|Any CPU
		{963AB792-A86D-4291-BE11-216FAFD16EDF}.Release|x64.ActiveCfg = Release|Any CPU
		{963AB792-A86D-4291-BE11-216FAFD16EDF}.Release|x64.Build.0 = Release|Any CPU
		{963AB792-A86D-4291-BE11-216FAFD16EDF}.Release|x86.ActiveCfg = Release|Any CPU
		{963AB792-A86D-4291-BE11-216FAFD16EDF}.Release|x86.Build.0 = Release|Any CPU
		{2579CD5A-ADF5-4E0C-A818-4DCDE14B2DBE}.Debug|Any CPU.ActiveCfg = Debug|Any CPU
		{2579CD5A-ADF5-4E0C-A818-4DCDE14B2DBE}.Debug|Any CPU.Build.0 = Debug|Any CPU
		{2579CD5A-ADF5-4E0C-A818-4DCDE14B2DBE}.Debug|x64.ActiveCfg = Debug|Any CPU
		{2579CD5A-ADF5-4E0C-A818-4DCDE14B2DBE}.Debug|x64.Build.0 = Debug|Any CPU
		{2579CD5A-ADF5-4E0C-A818-4DCDE14B2DBE}.Debug|x86.ActiveCfg = Debug|Any CPU
		{2579CD5A-ADF5-4E0C-A818-4DCDE14B2DBE}.Debug|x86.Build.0 = Debug|Any CPU
		{2579CD5A-ADF5-4E0C-A818-4DCDE14B2DBE}.Release|Any CPU.ActiveCfg = Release|Any CPU
		{2579CD5A-ADF5-4E0C-A818-4DCDE14B2DBE}.Release|Any CPU.Build.0 = Release|Any CPU
		{2579CD5A-ADF5-4E0C-A818-4DCDE14B2DBE}.Release|x64.ActiveCfg = Release|Any CPU
		{2579CD5A-ADF5-4E0C-A818-4DCDE14B2DBE}.Release|x64.Build.0 = Release|Any CPU
		{2579CD5A-ADF5-4E0C-A818-4DCDE14B2DBE}.Release|x86.ActiveCfg = Release|Any CPU
		{2579CD5A-ADF5-4E0C-A818-4DCDE14B2DBE}.Release|x86.Build.0 = Release|Any CPU
		{B81D5F46-A8A3-4E33-AFF0-56D1991D6A31}.Debug|Any CPU.ActiveCfg = Debug|Any CPU
		{B81D5F46-A8A3-4E33-AFF0-56D1991D6A31}.Debug|Any CPU.Build.0 = Debug|Any CPU
		{B81D5F46-A8A3-4E33-AFF0-56D1991D6A31}.Debug|x64.ActiveCfg = Debug|Any CPU
		{B81D5F46-A8A3-4E33-AFF0-56D1991D6A31}.Debug|x64.Build.0 = Debug|Any CPU
		{B81D5F46-A8A3-4E33-AFF0-56D1991D6A31}.Debug|x86.ActiveCfg = Debug|Any CPU
		{B81D5F46-A8A3-4E33-AFF0-56D1991D6A31}.Debug|x86.Build.0 = Debug|Any CPU
		{B81D5F46-A8A3-4E33-AFF0-56D1991D6A31}.Release|Any CPU.ActiveCfg = Release|Any CPU
		{B81D5F46-A8A3-4E33-AFF0-56D1991D6A31}.Release|Any CPU.Build.0 = Release|Any CPU
		{B81D5F46-A8A3-4E33-AFF0-56D1991D6A31}.Release|x64.ActiveCfg = Release|Any CPU
		{B81D5F46-A8A3-4E33-AFF0-56D1991D6A31}.Release|x64.Build.0 = Release|Any CPU
		{B81D5F46-A8A3-4E33-AFF0-56D1991D6A31}.Release|x86.ActiveCfg = Release|Any CPU
		{B81D5F46-A8A3-4E33-AFF0-56D1991D6A31}.Release|x86.Build.0 = Release|Any CPU
		{A21AF4A9-6498-47E1-B4ED-4C7776D44618}.Debug|Any CPU.ActiveCfg = Debug|Any CPU
		{A21AF4A9-6498-47E1-B4ED-4C7776D44618}.Debug|Any CPU.Build.0 = Debug|Any CPU
		{A21AF4A9-6498-47E1-B4ED-4C7776D44618}.Debug|x64.ActiveCfg = Debug|Any CPU
		{A21AF4A9-6498-47E1-B4ED-4C7776D44618}.Debug|x64.Build.0 = Debug|Any CPU
		{A21AF4A9-6498-47E1-B4ED-4C7776D44618}.Debug|x86.ActiveCfg = Debug|Any CPU
		{A21AF4A9-6498-47E1-B4ED-4C7776D44618}.Debug|x86.Build.0 = Debug|Any CPU
		{A21AF4A9-6498-47E1-B4ED-4C7776D44618}.Release|Any CPU.ActiveCfg = Release|Any CPU
		{A21AF4A9-6498-47E1-B4ED-4C7776D44618}.Release|Any CPU.Build.0 = Release|Any CPU
		{A21AF4A9-6498-47E1-B4ED-4C7776D44618}.Release|x64.ActiveCfg = Release|Any CPU
		{A21AF4A9-6498-47E1-B4ED-4C7776D44618}.Release|x64.Build.0 = Release|Any CPU
		{A21AF4A9-6498-47E1-B4ED-4C7776D44618}.Release|x86.ActiveCfg = Release|Any CPU
		{A21AF4A9-6498-47E1-B4ED-4C7776D44618}.Release|x86.Build.0 = Release|Any CPU
		{6BDD5AE6-6979-4649-92C1-D66D9C37EAE8}.Debug|Any CPU.ActiveCfg = Debug|Any CPU
		{6BDD5AE6-6979-4649-92C1-D66D9C37EAE8}.Debug|Any CPU.Build.0 = Debug|Any CPU
		{6BDD5AE6-6979-4649-92C1-D66D9C37EAE8}.Debug|x64.ActiveCfg = Debug|Any CPU
		{6BDD5AE6-6979-4649-92C1-D66D9C37EAE8}.Debug|x64.Build.0 = Debug|Any CPU
		{6BDD5AE6-6979-4649-92C1-D66D9C37EAE8}.Debug|x86.ActiveCfg = Debug|Any CPU
		{6BDD5AE6-6979-4649-92C1-D66D9C37EAE8}.Debug|x86.Build.0 = Debug|Any CPU
		{6BDD5AE6-6979-4649-92C1-D66D9C37EAE8}.Release|Any CPU.ActiveCfg = Release|Any CPU
		{6BDD5AE6-6979-4649-92C1-D66D9C37EAE8}.Release|Any CPU.Build.0 = Release|Any CPU
		{6BDD5AE6-6979-4649-92C1-D66D9C37EAE8}.Release|x64.ActiveCfg = Release|Any CPU
		{6BDD5AE6-6979-4649-92C1-D66D9C37EAE8}.Release|x64.Build.0 = Release|Any CPU
		{6BDD5AE6-6979-4649-92C1-D66D9C37EAE8}.Release|x86.ActiveCfg = Release|Any CPU
		{6BDD5AE6-6979-4649-92C1-D66D9C37EAE8}.Release|x86.Build.0 = Release|Any CPU
	EndGlobalSection
	GlobalSection(SolutionProperties) = preSolution
		HideSolutionNode = FALSE
	EndGlobalSection
	GlobalSection(NestedProjects) = preSolution
		{6BDD5AE6-6979-4649-92C1-D66D9C37EAE8} = {C37B9812-9778-48A2-AF86-052CD426FC01}
	EndGlobalSection
	GlobalSection(ExtensibilityGlobals) = postSolution
		SolutionGuid = {BF5D35A5-6267-44C3-828F-7CD7F281531E}
	EndGlobalSection
EndGlobal
