
Microsoft Visual Studio Solution File, Format Version 12.00
# Visual Studio Version 16
VisualStudioVersion = 16.0.31402.337
MinimumVisualStudioVersion = 10.0.40219.1
Project("{FAE04EC0-301F-11D3-BF4B-00C04F79EFBC}") = "MediaStreaming", "MediaStreaming\MediaStreaming.csproj", "{BF6B2922-0F46-4B28-9EC4-5CF3DD876175}"
EndProject
Global
	GlobalSection(SolutionConfigurationPlatforms) = preSolution
		Debug|Any CPU = Debug|Any CPU
		Release|Any CPU = Release|Any CPU
	EndGlobalSection
	GlobalSection(ProjectConfigurationPlatforms) = postSolution
		{BF6B2922-0F46-4B28-9EC4-5CF3DD876175}.Debug|Any CPU.ActiveCfg = Debug|Any CPU
		{BF6B2922-0F46-4B28-9EC4-5CF3DD876175}.Debug|Any CPU.Build.0 = Debug|Any CPU
		{BF6B2922-0F46-4B28-9EC4-5CF3DD876175}.Release|Any CPU.ActiveCfg = Release|Any CPU
		{BF6B2922-0F46-4B28-9EC4-5CF3DD876175}.Release|Any CPU.Build.0 = Release|Any CPU
	EndGlobalSection
	GlobalSection(SolutionProperties) = preSolution
		HideSolutionNode = FALSE
	EndGlobalSection
	GlobalSection(ExtensibilityGlobals) = postSolution
		SolutionGuid = {BF5D35A5-6267-44C3-828F-7CD7F281531E}
	EndGlobalSection
EndGlobal
