
Microsoft Visual Studio Solution File, Format Version 12.00
# Visual Studio Version 16
VisualStudioVersion = 16.0.31402.337
MinimumVisualStudioVersion = 10.0.40219.1
Project("{9A19103F-16F7-4668-BE54-9A1E7A4F7556}") = "MediaStreamingClient", "Examples\MediaStreamingClient\MediaStreamingClient.csproj", "{3D029070-C596-43F3-BEB6-85038D0C0F0E}"
EndProject
Project("{9A19103F-16F7-4668-BE54-9A1E7A4F7556}") = "MediaStreamingService", "Examples\MediaStreamingService\MediaStreamingService.csproj", "{963AB792-A86D-4291-BE11-216FAFD16EDF}"
EndProject
Project("{9A19103F-16F7-4668-BE54-9A1E7A4F7556}") = "MediaStreamingClientCore", "MediaStreamingClientCore\MediaStreamingClientCore.csproj", "{2579CD5A-ADF5-4E0C-A818-4DCDE14B2DBE}"
EndProject
Global
	GlobalSection(SolutionConfigurationPlatforms) = preSolution
		Debug|Any CPU = Debug|Any CPU
		Release|Any CPU = Release|Any CPU
	EndGlobalSection
	GlobalSection(ProjectConfigurationPlatforms) = postSolution
		{3D029070-C596-43F3-BEB6-85038D0C0F0E}.Debug|Any CPU.ActiveCfg = Debug|Any CPU
		{3D029070-C596-43F3-BEB6-85038D0C0F0E}.Debug|Any CPU.Build.0 = Debug|Any CPU
		{3D029070-C596-43F3-BEB6-85038D0C0F0E}.Release|Any CPU.ActiveCfg = Release|Any CPU
		{3D029070-C596-43F3-BEB6-85038D0C0F0E}.Release|Any CPU.Build.0 = Release|Any CPU
		{963AB792-A86D-4291-BE11-216FAFD16EDF}.Debug|Any CPU.ActiveCfg = Debug|Any CPU
		{963AB792-A86D-4291-BE11-216FAFD16EDF}.Debug|Any CPU.Build.0 = Debug|Any CPU
		{963AB792-A86D-4291-BE11-216FAFD16EDF}.Release|Any CPU.ActiveCfg = Release|Any CPU
		{963AB792-A86D-4291-BE11-216FAFD16EDF}.Release|Any CPU.Build.0 = Release|Any CPU
		{2579CD5A-ADF5-4E0C-A818-4DCDE14B2DBE}.Debug|Any CPU.ActiveCfg = Debug|Any CPU
		{2579CD5A-ADF5-4E0C-A818-4DCDE14B2DBE}.Debug|Any CPU.Build.0 = Debug|Any CPU
		{2579CD5A-ADF5-4E0C-A818-4DCDE14B2DBE}.Release|Any CPU.ActiveCfg = Release|Any CPU
		{2579CD5A-ADF5-4E0C-A818-4DCDE14B2DBE}.Release|Any CPU.Build.0 = Release|Any CPU
	EndGlobalSection
	GlobalSection(SolutionProperties) = preSolution
		HideSolutionNode = FALSE
	EndGlobalSection
	GlobalSection(ExtensibilityGlobals) = postSolution
		SolutionGuid = {BF5D35A5-6267-44C3-828F-7CD7F281531E}
	EndGlobalSection
EndGlobal
