
Microsoft Visual Studio Solution File, Format Version 12.00
# Visual Studio Version 16
VisualStudioVersion = 16.0.31402.337
MinimumVisualStudioVersion = 10.0.40219.1
Project("{9A19103F-16F7-4668-BE54-9A1E7A4F7556}") = "MediaStreamingClient", "MediaStreamingClient.csproj", "{709B8BF4-55C9-4979-AF79-4295A3A4158C}"
EndProject
Global
	GlobalSection(SolutionConfigurationPlatforms) = preSolution
		Debug|Any CPU = Debug|Any CPU
		Release|Any CPU = Release|Any CPU
	EndGlobalSection
	GlobalSection(ProjectConfigurationPlatforms) = postSolution
		{709B8BF4-55C9-4979-AF79-4295A3A4158C}.Debug|Any CPU.ActiveCfg = Debug|Any CPU
		{709B8BF4-55C9-4979-AF79-4295A3A4158C}.Debug|Any CPU.Build.0 = Debug|Any CPU
		{709B8BF4-55C9-4979-AF79-4295A3A4158C}.Release|Any CPU.ActiveCfg = Release|Any CPU
		{709B8BF4-55C9-4979-AF79-4295A3A4158C}.Release|Any CPU.Build.0 = Release|Any CPU
	EndGlobalSection
	GlobalSection(SolutionProperties) = preSolution
		HideSolutionNode = FALSE
	EndGlobalSection
	GlobalSection(ExtensibilityGlobals) = postSolution
		SolutionGuid = {C9E82954-54AB-4362-ACEF-0F314774CF34}
	EndGlobalSection
EndGlobal
